
Microsoft Visual Studio Solution File, Format Version 12.00
# Visual Studio 2012
Project("{FAE04EC0-301F-11D3-BF4B-00C04F79EFBC}") = "ExcelStream", "ExcelStream\ExcelStream.csproj", "{EA41D851-BC05-42EA-B3C9-B3CBE42EFA0C}"
EndProject
Project("{FAE04EC0-301F-11D3-BF4B-00C04F79EFBC}") = "TestHarness", "TestHarness\TestHarness.csproj", "{EB542061-0A69-481A-BCD1-0FED5EEA5F79}"
EndProject
Global
	GlobalSection(SolutionConfigurationPlatforms) = preSolution
		Debug|Any CPU = Debug|Any CPU
		Release|Any CPU = Release|Any CPU
	EndGlobalSection
	GlobalSection(ProjectConfigurationPlatforms) = postSolution
		{EA41D851-BC05-42EA-B3C9-B3CBE42EFA0C}.Debug|Any CPU.ActiveCfg = Debug|Any CPU
		{EA41D851-BC05-42EA-B3C9-B3CBE42EFA0C}.Debug|Any CPU.Build.0 = Debug|Any CPU
		{EA41D851-BC05-42EA-B3C9-B3CBE42EFA0C}.Release|Any CPU.ActiveCfg = Release|Any CPU
		{EA41D851-BC05-42EA-B3C9-B3CBE42EFA0C}.Release|Any CPU.Build.0 = Release|Any CPU
		{EB542061-0A69-481A-BCD1-0FED5EEA5F79}.Debug|Any CPU.ActiveCfg = Debug|Any CPU
		{EB542061-0A69-481A-BCD1-0FED5EEA5F79}.Debug|Any CPU.Build.0 = Debug|Any CPU
		{EB542061-0A69-481A-BCD1-0FED5EEA5F79}.Release|Any CPU.ActiveCfg = Release|Any CPU
		{EB542061-0A69-481A-BCD1-0FED5EEA5F79}.Release|Any CPU.Build.0 = Release|Any CPU
	EndGlobalSection
	GlobalSection(SolutionProperties) = preSolution
		HideSolutionNode = FALSE
	EndGlobalSection
EndGlobal
